{
  "name": "simple-dropdown",
  "version": "1.1.0",
  "lockfileVersion": 2,
  "requires": true,
  "packages": {
    "": {
      "name": "simple-dropdown",
      "version": "1.1.0",
      "license": "ISC",
      "dependencies": {
        "dropdown": "^0.2.0"
      }
    },
    "node_modules/dropdown": {
      "version": "0.2.0",
      "resolved": "https://registry.npmjs.org/dropdown/-/dropdown-0.2.0.tgz",
      "integrity": "sha512-rucNMctxq/MD8hX37pyHhhqYDZ49WRIQOvywlZA2RTicRR/KNyizAQTW9yiJIqUt1mthiCUO/ULXI+eAXvUfjg=="
    }
  },
  "dependencies": {
    "dropdown": {
      "version": "0.2.0",
      "resolved": "https://registry.npmjs.org/dropdown/-/dropdown-0.2.0.tgz",
      "integrity": "sha512-rucNMctxq/MD8hX37pyHhhqYDZ49WRIQOvywlZA2RTicRR/KNyizAQTW9yiJIqUt1mthiCUO/ULXI+eAXvUfjg=="
    }
  }
}
